
Microsoft Visual Studio Solution File, Format Version 12.00
# Visual Studio Version 17
VisualStudioVersion = 17.7.34221.43
MinimumVisualStudioVersion = 10.0.40219.1
Project("{FAE04EC0-301F-11D3-BF4B-00C04F79EFBC}") = "Random(Rastgele)_Class", "Random(Rastgele)_Class\Random(Rastgele)_Class.csproj", "{2C31463B-73B4-41F6-A1D2-707060F63509}"
EndProject
Global
	GlobalSection(SolutionConfigurationPlatforms) = preSolution
		Debug|Any CPU = Debug|Any CPU
		Release|Any CPU = Release|Any CPU
	EndGlobalSection
	GlobalSection(ProjectConfigurationPlatforms) = postSolution
		{2C31463B-73B4-41F6-A1D2-707060F63509}.Debug|Any CPU.ActiveCfg = Debug|Any CPU
		{2C31463B-73B4-41F6-A1D2-707060F63509}.Debug|Any CPU.Build.0 = Debug|Any CPU
		{2C31463B-73B4-41F6-A1D2-707060F63509}.Release|Any CPU.ActiveCfg = Release|Any CPU
		{2C31463B-73B4-41F6-A1D2-707060F63509}.Release|Any CPU.Build.0 = Release|Any CPU
	EndGlobalSection
	GlobalSection(SolutionProperties) = preSolution
		HideSolutionNode = FALSE
	EndGlobalSection
	GlobalSection(ExtensibilityGlobals) = postSolution
		SolutionGuid = {BEB80DB2-4BD8-4C21-A18E-41F4AEDCBAC7}
	EndGlobalSection
EndGlobal
