
Microsoft Visual Studio Solution File, Format Version 12.00
# Visual Studio Version 17
VisualStudioVersion = 17.7.34221.43
MinimumVisualStudioVersion = 10.0.40219.1
Project("{FAE04EC0-301F-11D3-BF4B-00C04F79EFBC}") = "Date Time Functions", "Date and Time Functions\Date Time Functions.csproj", "{D0D3CA1D-6421-4039-B520-F4F1F5B05160}"
EndProject
Global
	GlobalSection(SolutionConfigurationPlatforms) = preSolution
		Debug|Any CPU = Debug|Any CPU
		Release|Any CPU = Release|Any CPU
	EndGlobalSection
	GlobalSection(ProjectConfigurationPlatforms) = postSolution
		{D0D3CA1D-6421-4039-B520-F4F1F5B05160}.Debug|Any CPU.ActiveCfg = Debug|Any CPU
		{D0D3CA1D-6421-4039-B520-F4F1F5B05160}.Debug|Any CPU.Build.0 = Debug|Any CPU
		{D0D3CA1D-6421-4039-B520-F4F1F5B05160}.Release|Any CPU.ActiveCfg = Release|Any CPU
		{D0D3CA1D-6421-4039-B520-F4F1F5B05160}.Release|Any CPU.Build.0 = Release|Any CPU
	EndGlobalSection
	GlobalSection(SolutionProperties) = preSolution
		HideSolutionNode = FALSE
	EndGlobalSection
	GlobalSection(ExtensibilityGlobals) = postSolution
		SolutionGuid = {116C6F05-4EA8-41C1-9073-48D935B21B15}
	EndGlobalSection
EndGlobal
