
Microsoft Visual Studio Solution File, Format Version 12.00
# Visual Studio Version 17
VisualStudioVersion = 17.7.34031.279
MinimumVisualStudioVersion = 10.0.40219.1
Project("{FAE04EC0-301F-11D3-BF4B-00C04F79EFBC}") = "Loops", "Loops\Loops.csproj", "{12090639-9A87-485B-A7B2-D632E9804545}"
EndProject
Global
	GlobalSection(SolutionConfigurationPlatforms) = preSolution
		Debug|Any CPU = Debug|Any CPU
		Release|Any CPU = Release|Any CPU
	EndGlobalSection
	GlobalSection(ProjectConfigurationPlatforms) = postSolution
		{12090639-9A87-485B-A7B2-D632E9804545}.Debug|Any CPU.ActiveCfg = Debug|Any CPU
		{12090639-9A87-485B-A7B2-D632E9804545}.Debug|Any CPU.Build.0 = Debug|Any CPU
		{12090639-9A87-485B-A7B2-D632E9804545}.Release|Any CPU.ActiveCfg = Release|Any CPU
		{12090639-9A87-485B-A7B2-D632E9804545}.Release|Any CPU.Build.0 = Release|Any CPU
	EndGlobalSection
	GlobalSection(SolutionProperties) = preSolution
		HideSolutionNode = FALSE
	EndGlobalSection
	GlobalSection(ExtensibilityGlobals) = postSolution
		SolutionGuid = {947D6470-5664-4BAB-80DF-A047B032F63F}
	EndGlobalSection
EndGlobal
