
Microsoft Visual Studio Solution File, Format Version 12.00
# Visual Studio Version 17
VisualStudioVersion = 17.7.34221.43
MinimumVisualStudioVersion = 10.0.40219.1
Project("{FAE04EC0-301F-11D3-BF4B-00C04F79EFBC}") = "Classs and Object-1", "Classs and Object-1\Classs and Object-1.csproj", "{24357C58-9F19-4AC5-B567-09D1BA6AF123}"
EndProject
Global
	GlobalSection(SolutionConfigurationPlatforms) = preSolution
		Debug|Any CPU = Debug|Any CPU
		Release|Any CPU = Release|Any CPU
	EndGlobalSection
	GlobalSection(ProjectConfigurationPlatforms) = postSolution
		{24357C58-9F19-4AC5-B567-09D1BA6AF123}.Debug|Any CPU.ActiveCfg = Debug|Any CPU
		{24357C58-9F19-4AC5-B567-09D1BA6AF123}.Debug|Any CPU.Build.0 = Debug|Any CPU
		{24357C58-9F19-4AC5-B567-09D1BA6AF123}.Release|Any CPU.ActiveCfg = Release|Any CPU
		{24357C58-9F19-4AC5-B567-09D1BA6AF123}.Release|Any CPU.Build.0 = Release|Any CPU
	EndGlobalSection
	GlobalSection(SolutionProperties) = preSolution
		HideSolutionNode = FALSE
	EndGlobalSection
	GlobalSection(ExtensibilityGlobals) = postSolution
		SolutionGuid = {F900DE4F-9073-49BC-9A7A-E8BCC2DB3BB7}
	EndGlobalSection
EndGlobal
